// !$*UTF8*$!
{
	archiveVersion = 1;
	classes = {
	};
	objectVersion = 77;
	objects = {

/* Begin PBXBuildFile section */
		9C7F7D1D2F32B65000458CAA /* privacy-policy.html in Resources */ = {isa = PBXBuildFile; fileRef = 9C7F7D1C2F32B65000458CAA /* privacy-policy.html */; };
		9C7F7D1F2F32B67700458CAA /* terms-of-service.html in Resources */ = {isa = PBXBuildFile; fileRef = 9C7F7D1E2F32B67700458CAA /* terms-of-service.html */; };
		9C7F7E512F38435F00458CAA /* Models.swift in Sources */ = {isa = PBXBuildFile; fileRef = 9C7F7E502F38435F00458CAA /* Models.swift */; };
		9C7F7E532F38435F00458CAA /* LeadershipNotesApp.swift in Sources */ = {isa = PBXBuildFile; fileRef = 9C7F7E522F38435F00458CAA /* LeadershipNotesApp.swift */; };
		9C7F7E552F38437600458CAA /* AppStore.swift in Sources */ = {isa = PBXBuildFile; fileRef = 9C7F7E542F38437600458CAA /* AppStore.swift */; };
		9C7F7E572F38439300458CAA /* ContentView.swift in Sources */ = {isa = PBXBuildFile; fileRef = 9C7F7E562F38439300458CAA /* ContentView.swift */; };
		9C7F7E592F3843C200458CAA /* EntryView.swift in Sources */ = {isa = PBXBuildFile; fileRef = 9C7F7E582F3843C200458CAA /* EntryView.swift */; };
		9C7F7E5B2F3843DD00458CAA /* SharedComponents.swift in Sources */ = {isa = PBXBuildFile; fileRef = 9C7F7E5A2F3843DD00458CAA /* SharedComponents.swift */; };
		9C7F7E5D2F3843FC00458CAA /* HistoryView.swift in Sources */ = {isa = PBXBuildFile; fileRef = 9C7F7E5C2F3843FC00458CAA /* HistoryView.swift */; };
		9C7F7E5F2F38442100458CAA /* ReportsView.swift in Sources */ = {isa = PBXBuildFile; fileRef = 9C7F7E5E2F38442100458CAA /* ReportsView.swift */; };
		9C7F7E612F38445000458CAA /* PeopleView.swift in Sources */ = {isa = PBXBuildFile; fileRef = 9C7F7E602F38445000458CAA /* PeopleView.swift */; };
		9C7F7E632F38449A00458CAA /* SettingsView.swift in Sources */ = {isa = PBXBuildFile; fileRef = 9C7F7E622F38449A00458CAA /* SettingsView.swift */; };
		9C7F7E652F3844BE00458CAA /* README.md in Resources */ = {isa = PBXBuildFile; fileRef = 9C7F7E642F3844BE00458CAA /* README.md */; };
		9C7F7E672F38456500458CAA /* BUILD_VERIFICATION.md in Resources */ = {isa = PBXBuildFile; fileRef = 9C7F7E662F38456500458CAA /* BUILD_VERIFICATION.md */; };
		9C7F7E692F384B0D00458CAA /* Media.xcassets in Resources */ = {isa = PBXBuildFile; fileRef = 9C7F7E682F384B0D00458CAA /* Media.xcassets */; };
		9CC16A792F19B0310082AF7D /* StoreKit.framework in Frameworks */ = {isa = PBXBuildFile; fileRef = 9CC16A782F19B0310082AF7D /* StoreKit.framework */; };
/* End PBXBuildFile section */

/* Begin PBXFileReference section */
		9C7F7D1C2F32B65000458CAA /* privacy-policy.html */ = {isa = PBXFileReference; lastKnownFileType = text.html; path = "privacy-policy.html"; sourceTree = "<group>"; };
		9C7F7D1E2F32B67700458CAA /* terms-of-service.html */ = {isa = PBXFileReference; lastKnownFileType = text.html; path = "terms-of-service.html"; sourceTree = "<group>"; };
		9C7F7E502F38435F00458CAA /* Models.swift */ = {isa = PBXFileReference; lastKnownFileType = sourcecode.swift; path = Models.swift; sourceTree = "<group>"; };
		9C7F7E522F38435F00458CAA /* LeadershipNotesApp.swift */ = {isa = PBXFileReference; lastKnownFileType = sourcecode.swift; path = LeadershipNotesApp.swift; sourceTree = "<group>"; };
		9C7F7E542F38437600458CAA /* AppStore.swift */ = {isa = PBXFileReference; lastKnownFileType = sourcecode.swift; path = AppStore.swift; sourceTree = "<group>"; };
		9C7F7E562F38439300458CAA /* ContentView.swift */ = {isa = PBXFileReference; lastKnownFileType = sourcecode.swift; path = ContentView.swift; sourceTree = "<group>"; };
		9C7F7E582F3843C200458CAA /* EntryView.swift */ = {isa = PBXFileReference; lastKnownFileType = sourcecode.swift; path = EntryView.swift; sourceTree = "<group>"; };
		9C7F7E5A2F3843DD00458CAA /* SharedComponents.swift */ = {isa = PBXFileReference; lastKnownFileType = sourcecode.swift; path = SharedComponents.swift; sourceTree = "<group>"; };
		9C7F7E5C2F3843FC00458CAA /* HistoryView.swift */ = {isa = PBXFileReference; lastKnownFileType = sourcecode.swift; path = HistoryView.swift; sourceTree = "<group>"; };
		9C7F7E5E2F38442100458CAA /* ReportsView.swift */ = {isa = PBXFileReference; lastKnownFileType = sourcecode.swift; path = ReportsView.swift; sourceTree = "<group>"; };
		9C7F7E602F38445000458CAA /* PeopleView.swift */ = {isa = PBXFileReference; lastKnownFileType = sourcecode.swift; path = PeopleView.swift; sourceTree = "<group>"; };
		9C7F7E622F38449A00458CAA /* SettingsView.swift */ = {isa = PBXFileReference; lastKnownFileType = sourcecode.swift; path = SettingsView.swift; sourceTree = "<group>"; };
		9C7F7E642F3844BE00458CAA /* README.md */ = {isa = PBXFileReference; lastKnownFileType = net.daringfireball.markdown; path = README.md; sourceTree = "<group>"; };
		9C7F7E662F38456500458CAA /* BUILD_VERIFICATION.md */ = {isa = PBXFileReference; lastKnownFileType = net.daringfireball.markdown; path = BUILD_VERIFICATION.md; sourceTree = "<group>"; };
		9C7F7E682F384B0D00458CAA /* Media.xcassets */ = {isa = PBXFileReference; lastKnownFileType = folder.assetcatalog; path = Media.xcassets; sourceTree = "<group>"; };
		9C7F7E6A2F384BB900458CAA /* Leadership Notes.app */ = {isa = PBXFileReference; explicitFileType = wrapper.application; includeInIndex = 0; path = "Leadership Notes.app"; sourceTree = BUILT_PRODUCTS_DIR; };
		9CC16A782F19B0310082AF7D /* StoreKit.framework */ = {isa = PBXFileReference; lastKnownFileType = wrapper.framework; name = StoreKit.framework; path = System/Library/Frameworks/StoreKit.framework; sourceTree = SDKROOT; };
/* End PBXFileReference section */

/* Begin PBXFrameworksBuildPhase section */
		9C75568E2F18749100E0E006 /* Frameworks */ = {
			isa = PBXFrameworksBuildPhase;
			buildActionMask = 2147483647;
			files = (
				9CC16A792F19B0310082AF7D /* StoreKit.framework in Frameworks */,
			);
			runOnlyForDeploymentPostprocessing = 0;
		};
/* End PBXFrameworksBuildPhase section */

/* Begin PBXGroup section */
		9C7556882F18749100E0E006 = {
			isa = PBXGroup;
			children = (
				9C7F7E682F384B0D00458CAA /* Media.xcassets */,
				9CC16A772F19B0310082AF7D /* Frameworks */,
				9C7556922F18749100E0E006 /* Products */,
				9C7F7D1C2F32B65000458CAA /* privacy-policy.html */,
				9C7F7D1E2F32B67700458CAA /* terms-of-service.html */,
				9C7F7E502F38435F00458CAA /* Models.swift */,
				9C7F7E522F38435F00458CAA /* LeadershipNotesApp.swift */,
				9C7F7E542F38437600458CAA /* AppStore.swift */,
				9C7F7E562F38439300458CAA /* ContentView.swift */,
				9C7F7E582F3843C200458CAA /* EntryView.swift */,
				9C7F7E5A2F3843DD00458CAA /* SharedComponents.swift */,
				9C7F7E5C2F3843FC00458CAA /* HistoryView.swift */,
				9C7F7E5E2F38442100458CAA /* ReportsView.swift */,
				9C7F7E602F38445000458CAA /* PeopleView.swift */,
				9C7F7E622F38449A00458CAA /* SettingsView.swift */,
				9C7F7E642F3844BE00458CAA /* README.md */,
				9C7F7E662F38456500458CAA /* BUILD_VERIFICATION.md */,
			);
			sourceTree = "<group>";
		};
		9C7556922F18749100E0E006 /* Products */ = {
			isa = PBXGroup;
			children = (
				9C7F7E6A2F384BB900458CAA /* Leadership Notes.app */,
			);
			name = Products;
			sourceTree = "<group>";
		};
		9CC16A772F19B0310082AF7D /* Frameworks */ = {
			isa = PBXGroup;
			children = (
				9CC16A782F19B0310082AF7D /* StoreKit.framework */,
			);
			name = Frameworks;
			sourceTree = "<group>";
		};
/* End PBXGroup section */

/* Begin PBXNativeTarget section */
		9C7556902F18749100E0E006 /* Leadership Notes */ = {
			isa = PBXNativeTarget;
			buildConfigurationList = 9C75569C2F18749500E0E006 /* Build configuration list for PBXNativeTarget "Leadership Notes" */;
			buildPhases = (
				9C75568D2F18749100E0E006 /* Sources */,
				9C75568E2F18749100E0E006 /* Frameworks */,
				9C75568F2F18749100E0E006 /* Resources */,
			);
			buildRules = (
			);
			dependencies = (
			);
			name = "Leadership Notes";
			packageProductDependencies = (
			);
			productName = "Leadership Notes";
			productReference = 9C7F7E6A2F384BB900458CAA /* Leadership Notes.app */;
			productType = "com.apple.product-type.application";
		};
/* End PBXNativeTarget section */

/* Begin PBXProject section */
		9C7556892F18749100E0E006 /* Project object */ = {
			isa = PBXProject;
			attributes = {
				BuildIndependentTargetsInParallel = 1;
				LastSwiftUpdateCheck = 2620;
				LastUpgradeCheck = 2620;
				TargetAttributes = {
					9C7556902F18749100E0E006 = {
						CreatedOnToolsVersion = 26.2;
					};
				};
			};
			buildConfigurationList = 9C75568C2F18749100E0E006 /* Build configuration list for PBXProject "Leadership Notes" */;
			developmentRegion = en;
			hasScannedForEncodings = 0;
			knownRegions = (
				en,
				Base,
			);
			mainGroup = 9C7556882F18749100E0E006;
			minimizedProjectReferenceProxies = 1;
			preferredProjectObjectVersion = 77;
			productRefGroup = 9C7556922F18749100E0E006 /* Products */;
			projectDirPath = "";
			projectRoot = "";
			targets = (
				9C7556902F18749100E0E006 /* Leadership Notes */,
			);
		};
/* End PBXProject section */

/* Begin PBXResourcesBuildPhase section */
		9C75568F2F18749100E0E006 /* Resources */ = {
			isa = PBXResourcesBuildPhase;
			buildActionMask = 2147483647;
			files = (
				9C7F7E692F384B0D00458CAA /* Media.xcassets in Resources */,
				9C7F7E652F3844BE00458CAA /* README.md in Resources */,
				9C7F7D1F2F32B67700458CAA /* terms-of-service.html in Resources */,
				9C7F7E672F38456500458CAA /* BUILD_VERIFICATION.md in Resources */,
				9C7F7D1D2F32B65000458CAA /* privacy-policy.html in Resources */,
			);
			runOnlyForDeploymentPostprocessing = 0;
		};
/* End PBXResourcesBuildPhase section */

/* Begin PBXSourcesBuildPhase section */
		9C75568D2F18749100E0E006 /* Sources */ = {
			isa = PBXSourcesBuildPhase;
			buildActionMask = 2147483647;
			files = (
				9C7F7E5D2F3843FC00458CAA /* HistoryView.swift in Sources */,
				9C7F7E5B2F3843DD00458CAA /* SharedComponents.swift in Sources */,
				9C7F7E612F38445000458CAA /* PeopleView.swift in Sources */,
				9C7F7E552F38437600458CAA /* AppStore.swift in Sources */,
				9C7F7E532F38435F00458CAA /* LeadershipNotesApp.swift in Sources */,
				9C7F7E632F38449A00458CAA /* SettingsView.swift in Sources */,
				9C7F7E592F3843C200458CAA /* EntryView.swift in Sources */,
				9C7F7E572F38439300458CAA /* ContentView.swift in Sources */,
				9C7F7E5F2F38442100458CAA /* ReportsView.swift in Sources */,
				9C7F7E512F38435F00458CAA /* Models.swift in Sources */,
			);
			runOnlyForDeploymentPostprocessing = 0;
		};
/* End PBXSourcesBuildPhase section */

/* Begin XCBuildConfiguration section */
		9C75569A2F18749500E0E006 /* Debug */ = {
			isa = XCBuildConfiguration;
			buildSettings = {
				ALWAYS_SEARCH_USER_PATHS = NO;
				ASSETCATALOG_COMPILER_GENERATE_SWIFT_ASSET_SYMBOL_EXTENSIONS = YES;
				CLANG_ANALYZER_NONNULL = YES;
				CLANG_ANALYZER_NUMBER_OBJECT_CONVERSION = YES_AGGRESSIVE;
				CLANG_CXX_LANGUAGE_STANDARD = "gnu++20";
				CLANG_ENABLE_MODULES = YES;
				CLANG_ENABLE_OBJC_ARC = YES;
				CLANG_ENABLE_OBJC_WEAK = YES;
				CLANG_WARN_BLOCK_CAPTURE_AUTORELEASING = YES;
				CLANG_WARN_BOOL_CONVERSION = YES;
				CLANG_WARN_COMMA = YES;
				CLANG_WARN_CONSTANT_CONVERSION = YES;
				CLANG_WARN_DEPRECATED_OBJC_IMPLEMENTATIONS = YES;
				CLANG_WARN_DIRECT_OBJC_ISA_USAGE = YES_ERROR;
				CLANG_WARN_DOCUMENTATION_COMMENTS = YES;
				CLANG_WARN_EMPTY_BODY = YES;
				CLANG_WARN_ENUM_CONVERSION = YES;
				CLANG_WARN_INFINITE_RECURSION = YES;
				CLANG_WARN_INT_CONVERSION = YES;
				CLANG_WARN_NON_LITERAL_NULL_CONVERSION = YES;
				CLANG_WARN_OBJC_IMPLICIT_RETAIN_SELF = YES;
				CLANG_WARN_OBJC_LITERAL_CONVERSION = YES;
				CLANG_WARN_OBJC_ROOT_CLASS = YES_ERROR;
				CLANG_WARN_QUOTED_INCLUDE_IN_FRAMEWORK_HEADER = YES;
				CLANG_WARN_RANGE_LOOP_ANALYSIS = YES;
				CLANG_WARN_STRICT_PROTOTYPES = YES;
				CLANG_WARN_SUSPICIOUS_MOVE = YES;
				CLANG_WARN_UNGUARDED_AVAILABILITY = YES_AGGRESSIVE;
				CLANG_WARN_UNREACHABLE_CODE = YES;
				CLANG_WARN__DUPLICATE_METHOD_MATCH = YES;
				COPY_PHASE_STRIP = NO;
				DEBUG_INFORMATION_FORMAT = dwarf;
				DEVELOPMENT_TEAM = Q79FHUWC44;
				ENABLE_STRICT_OBJC_MSGSEND = YES;
				ENABLE_TESTABILITY = YES;
				ENABLE_USER_SCRIPT_SANDBOXING = YES;
				GCC_C_LANGUAGE_STANDARD = gnu17;
				GCC_DYNAMIC_NO_PIC = NO;
				GCC_NO_COMMON_BLOCKS = YES;
				GCC_OPTIMIZATION_LEVEL = 0;
				GCC_PREPROCESSOR_DEFINITIONS = (
					"DEBUG=1",
					"$(inherited)",
				);
				GCC_WARN_64_TO_32_BIT_CONVERSION = YES;
				GCC_WARN_ABOUT_RETURN_TYPE = YES_ERROR;
				GCC_WARN_UNDECLARED_SELECTOR = YES;
				GCC_WARN_UNINITIALIZED_AUTOS = YES_AGGRESSIVE;
				GCC_WARN_UNUSED_FUNCTION = YES;
				GCC_WARN_UNUSED_VARIABLE = YES;
				IPHONEOS_DEPLOYMENT_TARGET = 26.2;
				LOCALIZATION_PREFERS_STRING_CATALOGS = YES;
				MTL_ENABLE_DEBUG_INFO = INCLUDE_SOURCE;
				MTL_FAST_MATH = YES;
				ONLY_ACTIVE_ARCH = YES;
				SDKROOT = iphoneos;
				SWIFT_ACTIVE_COMPILATION_CONDITIONS = "DEBUG $(inherited)";
				SWIFT_OPTIMIZATION_LEVEL = "-Onone";
			};
			name = Debug;
		};
		9C75569B2F18749500E0E006 /* Release */ = {
			isa = XCBuildConfiguration;
			buildSettings = {
				ALWAYS_SEARCH_USER_PATHS = NO;
				ASSETCATALOG_COMPILER_GENERATE_SWIFT_ASSET_SYMBOL_EXTENSIONS = YES;
				CLANG_ANALYZER_NONNULL = YES;
				CLANG_ANALYZER_NUMBER_OBJECT_CONVERSION = YES_AGGRESSIVE;
				CLANG_CXX_LANGUAGE_STANDARD = "gnu++20";
				CLANG_ENABLE_MODULES = YES;
				CLANG_ENABLE_OBJC_ARC = YES;
				CLANG_ENABLE_OBJC_WEAK = YES;
				CLANG_WARN_BLOCK_CAPTURE_AUTORELEASING = YES;
				CLANG_WARN_BOOL_CONVERSION = YES;
				CLANG_WARN_COMMA = YES;
				CLANG_WARN_CONSTANT_CONVERSION = YES;
				CLANG_WARN_DEPRECATED_OBJC_IMPLEMENTATIONS = YES;
				CLANG_WARN_DIRECT_OBJC_ISA_USAGE = YES_ERROR;
				CLANG_WARN_DOCUMENTATION_COMMENTS = YES;
				CLANG_WARN_EMPTY_BODY = YES;
				CLANG_WARN_ENUM_CONVERSION = YES;
				CLANG_WARN_INFINITE_RECURSION = YES;
				CLANG_WARN_INT_CONVERSION = YES;
				CLANG_WARN_NON_LITERAL_NULL_CONVERSION = YES;
				CLANG_WARN_OBJC_IMPLICIT_RETAIN_SELF = YES;
				CLANG_WARN_OBJC_LITERAL_CONVERSION = YES;
				CLANG_WARN_OBJC_ROOT_CLASS = YES_ERROR;
				CLANG_WARN_QUOTED_INCLUDE_IN_FRAMEWORK_HEADER = YES;
				CLANG_WARN_RANGE_LOOP_ANALYSIS = YES;
				CLANG_WARN_STRICT_PROTOTYPES = YES;
				CLANG_WARN_SUSPICIOUS_MOVE = YES;
				CLANG_WARN_UNGUARDED_AVAILABILITY = YES_AGGRESSIVE;
				CLANG_WARN_UNREACHABLE_CODE = YES;
				CLANG_WARN__DUPLICATE_METHOD_MATCH = YES;
				COPY_PHASE_STRIP = NO;
				DEBUG_INFORMATION_FORMAT = "dwarf-with-dsym";
				DEVELOPMENT_TEAM = Q79FHUWC44;
				ENABLE_NS_ASSERTIONS = NO;
				ENABLE_STRICT_OBJC_MSGSEND = YES;
				ENABLE_USER_SCRIPT_SANDBOXING = YES;
				GCC_C_LANGUAGE_STANDARD = gnu17;
				GCC_NO_COMMON_BLOCKS = YES;
				GCC_WARN_64_TO_32_BIT_CONVERSION = YES;
				GCC_WARN_ABOUT_RETURN_TYPE = YES_ERROR;
				GCC_WARN_UNDECLARED_SELECTOR = YES;
				GCC_WARN_UNINITIALIZED_AUTOS = YES_AGGRESSIVE;
				GCC_WARN_UNUSED_FUNCTION = YES;
				GCC_WARN_UNUSED_VARIABLE = YES;
				IPHONEOS_DEPLOYMENT_TARGET = 26.2;
				LOCALIZATION_PREFERS_STRING_CATALOGS = YES;
				MTL_ENABLE_DEBUG_INFO = NO;
				MTL_FAST_MATH = YES;
				SDKROOT = iphoneos;
				SWIFT_COMPILATION_MODE = wholemodule;
				VALIDATE_PRODUCT = YES;
			};
			name = Release;
		};
		9C75569D2F18749500E0E006 /* Debug */ = {
			isa = XCBuildConfiguration;
			buildSettings = {
				ASSETCATALOG_COMPILER_APPICON_NAME = AppIcon;
				ASSETCATALOG_COMPILER_GLOBAL_ACCENT_COLOR_NAME = AccentColor;
				ASSETCATALOG_COMPILER_INCLUDE_ALL_APPICON_ASSETS = YES;
				CODE_SIGN_STYLE = Automatic;
				CURRENT_PROJECT_VERSION = 2;
				DEVELOPMENT_TEAM = Q79FHUWC44;
				ENABLE_PREVIEWS = YES;
				GENERATE_INFOPLIST_FILE = YES;
				INFOPLIST_FILE = "Leadership-Notes-Info.plist";
				INFOPLIST_KEY_CFBundleDisplayName = "Leadership Notes";
				INFOPLIST_KEY_LSApplicationCategoryType = "public.app-category.business";
				INFOPLIST_KEY_NSCameraUsageDescription = "Leadership Notes needs access to your camera to capture photos for employee profiles and coaching entries.";
				INFOPLIST_KEY_NSPhotoLibraryUsageDescription = "Leadership Notes needs access to your photo library to attach photos to coaching entries and employee profiles.";
				INFOPLIST_KEY_UIApplicationSceneManifest_Generation = YES;
				INFOPLIST_KEY_UIApplicationSupportsIndirectInputEvents = YES;
				INFOPLIST_KEY_UISupportedInterfaceOrientations_iPad = "UIInterfaceOrientationPortrait UIInterfaceOrientationPortraitUpsideDown UIInterfaceOrientationLandscapeLeft UIInterfaceOrientationLandscapeRight";
				INFOPLIST_KEY_UISupportedInterfaceOrientations_iPhone = "UIInterfaceOrientationPortrait UIInterfaceOrientationLandscapeLeft UIInterfaceOrientationLandscapeRight";
				IPHONEOS_DEPLOYMENT_TARGET = 17.6;
				LD_RUNPATH_SEARCH_PATHS = (
					"$(inherited)",
					"@executable_path/Frameworks",
				);
				MARKETING_VERSION = 1.0;
				PRODUCT_BUNDLE_IDENTIFIER = "com.sarahwalker.reallifehq.Leadership-Notes";
				PRODUCT_NAME = "$(TARGET_NAME)";
				STRING_CATALOG_GENERATE_SYMBOLS = YES;
				SWIFT_APPROACHABLE_CONCURRENCY = YES;
				SWIFT_DEFAULT_ACTOR_ISOLATION = MainActor;
				SWIFT_EMIT_LOC_STRINGS = YES;
				SWIFT_UPCOMING_FEATURE_MEMBER_IMPORT_VISIBILITY = YES;
				SWIFT_VERSION = 5.0;
				TARGETED_DEVICE_FAMILY = "1,2";
			};
			name = Debug;
		};
		9C75569E2F18749500E0E006 /* Release */ = {
			isa = XCBuildConfiguration;
			buildSettings = {
				ASSETCATALOG_COMPILER_APPICON_NAME = AppIcon;
				ASSETCATALOG_COMPILER_GLOBAL_ACCENT_COLOR_NAME = AccentColor;
				ASSETCATALOG_COMPILER_INCLUDE_ALL_APPICON_ASSETS = YES;
				CODE_SIGN_STYLE = Automatic;
				CURRENT_PROJECT_VERSION = 2;
				DEVELOPMENT_TEAM = Q79FHUWC44;
				ENABLE_PREVIEWS = YES;
				GENERATE_INFOPLIST_FILE = YES;
				INFOPLIST_FILE = "Leadership-Notes-Info.plist";
				INFOPLIST_KEY_CFBundleDisplayName = "Leadership Notes";
				INFOPLIST_KEY_LSApplicationCategoryType = "public.app-category.business";
				INFOPLIST_KEY_NSCameraUsageDescription = "Leadership Notes needs access to your camera to capture photos for employee profiles and coaching entries.";
				INFOPLIST_KEY_NSPhotoLibraryUsageDescription = "Leadership Notes needs access to your photo library to attach photos to coaching entries and employee profiles.";
				INFOPLIST_KEY_UIApplicationSceneManifest_Generation = YES;
				INFOPLIST_KEY_UIApplicationSupportsIndirectInputEvents = YES;
				INFOPLIST_KEY_UISupportedInterfaceOrientations_iPad = "UIInterfaceOrientationPortrait UIInterfaceOrientationPortraitUpsideDown UIInterfaceOrientationLandscapeLeft UIInterfaceOrientationLandscapeRight";
				INFOPLIST_KEY_UISupportedInterfaceOrientations_iPhone = "UIInterfaceOrientationPortrait UIInterfaceOrientationLandscapeLeft UIInterfaceOrientationLandscapeRight";
				IPHONEOS_DEPLOYMENT_TARGET = 17.6;
				LD_RUNPATH_SEARCH_PATHS = (
					"$(inherited)",
					"@executable_path/Frameworks",
				);
				MARKETING_VERSION = 1.0;
				PRODUCT_BUNDLE_IDENTIFIER = "com.sarahwalker.reallifehq.Leadership-Notes";
				PRODUCT_NAME = "$(TARGET_NAME)";
				STRING_CATALOG_GENERATE_SYMBOLS = YES;
				SWIFT_APPROACHABLE_CONCURRENCY = YES;
				SWIFT_DEFAULT_ACTOR_ISOLATION = MainActor;
				SWIFT_EMIT_LOC_STRINGS = YES;
				SWIFT_UPCOMING_FEATURE_MEMBER_IMPORT_VISIBILITY = YES;
				SWIFT_VERSION = 5.0;
				TARGETED_DEVICE_FAMILY = "1,2";
			};
			name = Release;
		};
/* End XCBuildConfiguration section */

/* Begin XCConfigurationList section */
		9C75568C2F18749100E0E006 /* Build configuration list for PBXProject "Leadership Notes" */ = {
			isa = XCConfigurationList;
			buildConfigurations = (
				9C75569A2F18749500E0E006 /* Debug */,
				9C75569B2F18749500E0E006 /* Release */,
			);
			defaultConfigurationIsVisible = 0;
			defaultConfigurationName = Release;
		};
		9C75569C2F18749500E0E006 /* Build configuration list for PBXNativeTarget "Leadership Notes" */ = {
			isa = XCConfigurationList;
			buildConfigurations = (
				9C75569D2F18749500E0E006 /* Debug */,
				9C75569E2F18749500E0E006 /* Release */,
			);
			defaultConfigurationIsVisible = 0;
			defaultConfigurationName = Release;
		};
/* End XCConfigurationList section */
	};
	rootObject = 9C7556892F18749100E0E006 /* Project object */;
}
